# This file is generated by running "yarn install" inside your project.
# Manual changes might be lost - proceed with caution!

__metadata:
  version: 8
  cacheKey: 10

"@popperjs/core@npm:^2.9.3":
  version: 2.11.8
  resolution: "@popperjs/core@npm:2.11.8"
  checksum: 10/ddd16090cde777aaf102940f05d0274602079a95ad9805bd20bc55dcc7c3a2ba1b99dd5c73e5cc2753c3d31250ca52a67d58059459d7d27debb983a9f552936c
  languageName: node
  linkType: hard

"@rollup/plugin-node-resolve@npm:^15.2.3":
  version: 15.3.1
  resolution: "@rollup/plugin-node-resolve@npm:15.3.1"
  dependencies:
    "@rollup/pluginutils": "npm:^5.0.1"
    "@types/resolve": "npm:1.20.2"
    deepmerge: "npm:^4.2.2"
    is-module: "npm:^1.0.0"
    resolve: "npm:^1.22.1"
  peerDependencies:
    rollup: ^2.78.0||^3.0.0||^4.0.0
  peerDependenciesMeta:
    rollup:
      optional: true
  checksum: 10/874494c0daca8fb0d633a237dd9df0d30609b374326e57508710f2b6d7ddaa93d203d8daa0257960b2b6723f56dfec1177573126f31ff9604700303b6f5fdbe3
  languageName: node
  linkType: hard

"@rollup/pluginutils@npm:^5.0.1":
  version: 5.1.4
  resolution: "@rollup/pluginutils@npm:5.1.4"
  dependencies:
    "@types/estree": "npm:^1.0.0"
    estree-walker: "npm:^2.0.2"
    picomatch: "npm:^4.0.2"
  peerDependencies:
    rollup: ^1.20.0||^2.0.0||^3.0.0||^4.0.0
  peerDependenciesMeta:
    rollup:
      optional: true
  checksum: 10/598f628988af25541a9a6c6ef154aaf350f8be3238884e500cc0e47138684071abe490563c953f9bda9e8b113ecb1f99c11abfb9dbaf4f72cdd62e257a673fa3
  languageName: node
  linkType: hard

"@types/estree@npm:^1.0.0":
  version: 1.0.7
  resolution: "@types/estree@npm:1.0.7"
  checksum: 10/419c845ece767ad4b21171e6e5b63dabb2eb46b9c0d97361edcd9cabbf6a95fcadb91d89b5fa098d1336fa0b8fceaea82fca97a2ef3971f5c86e53031e157b21
  languageName: node
  linkType: hard

"@types/resolve@npm:1.20.2":
  version: 1.20.2
  resolution: "@types/resolve@npm:1.20.2"
  checksum: 10/1bff0d3875e7e1557b6c030c465beca9bf3b1173ebc6937cac547654b0af3bb3ff0f16470e9c4d7c5dc308ad9ac8627c38dbff24ef698b66673ff5bd4ead7f7e
  languageName: node
  linkType: hard

"al-news@workspace:.":
  version: 0.0.0-use.local
  resolution: "al-news@workspace:."
  dependencies:
    flowbite: "npm:^3.1.2"
  languageName: unknown
  linkType: soft

"deepmerge@npm:^4.2.2":
  version: 4.3.1
  resolution: "deepmerge@npm:4.3.1"
  checksum: 10/058d9e1b0ff1a154468bf3837aea436abcfea1ba1d165ddaaf48ca93765fdd01a30d33c36173da8fbbed951dd0a267602bc782fe288b0fc4b7e1e7091afc4529
  languageName: node
  linkType: hard

"estree-walker@npm:^2.0.2":
  version: 2.0.2
  resolution: "estree-walker@npm:2.0.2"
  checksum: 10/b02109c5d46bc2ed47de4990eef770f7457b1159a229f0999a09224d2b85ffeed2d7679cffcff90aeb4448e94b0168feb5265b209cdec29aad50a3d6e93d21e2
  languageName: node
  linkType: hard

"flowbite-datepicker@npm:^1.3.0, flowbite-datepicker@npm:^1.3.1":
  version: 1.3.2
  resolution: "flowbite-datepicker@npm:1.3.2"
  dependencies:
    "@rollup/plugin-node-resolve": "npm:^15.2.3"
    flowbite: "npm:^2.0.0"
  checksum: 10/ef55f5267775d243c84dd7c30b0ad90a3103a339d64c03a7ac74b287384f85368b93691bbe31d9313297006127a57d6a80ab5790d495437d0c97d76ffc1462de
  languageName: node
  linkType: hard

"flowbite@npm:^2.0.0":
  version: 2.5.2
  resolution: "flowbite@npm:2.5.2"
  dependencies:
    "@popperjs/core": "npm:^2.9.3"
    flowbite-datepicker: "npm:^1.3.0"
    mini-svg-data-uri: "npm:^1.4.3"
  checksum: 10/103590c52a9c43c5f0fc67192eb31568cabe8a9d9d519d8da59a52b1b537ad261ddba8ea4021ac8a377ad7d8233d11d607216c2ed0c1211d243971d127084d00
  languageName: node
  linkType: hard

"flowbite@npm:^3.1.2":
  version: 3.1.2
  resolution: "flowbite@npm:3.1.2"
  dependencies:
    "@popperjs/core": "npm:^2.9.3"
    flowbite-datepicker: "npm:^1.3.1"
    mini-svg-data-uri: "npm:^1.4.3"
    postcss: "npm:^8.5.1"
  checksum: 10/1623113723d96532061eb5a1f671c954fef9545fa9321b06902f1a9630fce7d4c24bc8d50657e5e1776029be38a142687bd254494cb2b2208b1606a1ee3143f5
  languageName: node
  linkType: hard

"function-bind@npm:^1.1.2":
  version: 1.1.2
  resolution: "function-bind@npm:1.1.2"
  checksum: 10/185e20d20f10c8d661d59aac0f3b63b31132d492e1b11fcc2a93cb2c47257ebaee7407c38513efd2b35cafdf972d9beb2ea4593c1e0f3bf8f2744836928d7454
  languageName: node
  linkType: hard

"hasown@npm:^2.0.2":
  version: 2.0.2
  resolution: "hasown@npm:2.0.2"
  dependencies:
    function-bind: "npm:^1.1.2"
  checksum: 10/7898a9c1788b2862cf0f9c345a6bec77ba4a0c0983c7f19d610c382343d4f98fa260686b225dfb1f88393a66679d2ec58ee310c1d6868c081eda7918f32cc70a
  languageName: node
  linkType: hard

"is-core-module@npm:^2.16.0":
  version: 2.16.1
  resolution: "is-core-module@npm:2.16.1"
  dependencies:
    hasown: "npm:^2.0.2"
  checksum: 10/452b2c2fb7f889cbbf7e54609ef92cf6c24637c568acc7e63d166812a0fb365ae8a504c333a29add8bdb1686704068caa7f4e4b639b650dde4f00a038b8941fb
  languageName: node
  linkType: hard

"is-module@npm:^1.0.0":
  version: 1.0.0
  resolution: "is-module@npm:1.0.0"
  checksum: 10/8cd5390730c7976fb4e8546dd0b38865ee6f7bacfa08dfbb2cc07219606755f0b01709d9361e01f13009bbbd8099fa2927a8ed665118a6105d66e40f1b838c3f
  languageName: node
  linkType: hard

"mini-svg-data-uri@npm:^1.4.3":
  version: 1.4.4
  resolution: "mini-svg-data-uri@npm:1.4.4"
  bin:
    mini-svg-data-uri: cli.js
  checksum: 10/1336c2b00b6a72b0ce3cf942f7ab074faf463b941042fbe51d7a70be119c5d4223880aaa29584d5a804496ca1dda9b6fff7dd5aa284721907519b646192d8aaa
  languageName: node
  linkType: hard

"nanoid@npm:^3.3.8":
  version: 3.3.11
  resolution: "nanoid@npm:3.3.11"
  bin:
    nanoid: bin/nanoid.cjs
  checksum: 10/73b5afe5975a307aaa3c95dfe3334c52cdf9ae71518176895229b8d65ab0d1c0417dd081426134eb7571c055720428ea5d57c645138161e7d10df80815527c48
  languageName: node
  linkType: hard

"path-parse@npm:^1.0.7":
  version: 1.0.7
  resolution: "path-parse@npm:1.0.7"
  checksum: 10/49abf3d81115642938a8700ec580da6e830dde670be21893c62f4e10bd7dd4c3742ddc603fe24f898cba7eb0c6bc1777f8d9ac14185d34540c6d4d80cd9cae8a
  languageName: node
  linkType: hard

"picocolors@npm:^1.1.1":
  version: 1.1.1
  resolution: "picocolors@npm:1.1.1"
  checksum: 10/e1cf46bf84886c79055fdfa9dcb3e4711ad259949e3565154b004b260cd356c5d54b31a1437ce9782624bf766272fe6b0154f5f0c744fb7af5d454d2b60db045
  languageName: node
  linkType: hard

"picomatch@npm:^4.0.2":
  version: 4.0.2
  resolution: "picomatch@npm:4.0.2"
  checksum: 10/ce617b8da36797d09c0baacb96ca8a44460452c89362d7cb8f70ca46b4158ba8bc3606912de7c818eb4a939f7f9015cef3c766ec8a0c6bfc725fdc078e39c717
  languageName: node
  linkType: hard

"postcss@npm:^8.5.1":
  version: 8.5.3
  resolution: "postcss@npm:8.5.3"
  dependencies:
    nanoid: "npm:^3.3.8"
    picocolors: "npm:^1.1.1"
    source-map-js: "npm:^1.2.1"
  checksum: 10/6d7e21a772e8b05bf102636918654dac097bac013f0dc8346b72ac3604fc16829646f94ea862acccd8f82e910b00e2c11c1f0ea276543565d278c7ca35516a7c
  languageName: node
  linkType: hard

"resolve@npm:^1.22.1":
  version: 1.22.10
  resolution: "resolve@npm:1.22.10"
  dependencies:
    is-core-module: "npm:^2.16.0"
    path-parse: "npm:^1.0.7"
    supports-preserve-symlinks-flag: "npm:^1.0.0"
  bin:
    resolve: bin/resolve
  checksum: 10/0a398b44da5c05e6e421d70108822c327675febb880eebe905587628de401854c61d5df02866ff34fc4cb1173a51c9f0e84a94702738df3611a62e2acdc68181
  languageName: node
  linkType: hard

"resolve@patch:resolve@npm%3A^1.22.1#optional!builtin<compat/resolve>":
  version: 1.22.10
  resolution: "resolve@patch:resolve@npm%3A1.22.10#optional!builtin<compat/resolve>::version=1.22.10&hash=c3c19d"
  dependencies:
    is-core-module: "npm:^2.16.0"
    path-parse: "npm:^1.0.7"
    supports-preserve-symlinks-flag: "npm:^1.0.0"
  bin:
    resolve: bin/resolve
  checksum: 10/d4d878bfe3702d215ea23e75e0e9caf99468e3db76f5ca100d27ebdc527366fee3877e54bce7d47cc72ca8952fc2782a070d238bfa79a550eeb0082384c3b81a
  languageName: node
  linkType: hard

"source-map-js@npm:^1.2.1":
  version: 1.2.1
  resolution: "source-map-js@npm:1.2.1"
  checksum: 10/ff9d8c8bf096d534a5b7707e0382ef827b4dd360a577d3f34d2b9f48e12c9d230b5747974ee7c607f0df65113732711bb701fe9ece3c7edbd43cb2294d707df3
  languageName: node
  linkType: hard

"supports-preserve-symlinks-flag@npm:^1.0.0":
  version: 1.0.0
  resolution: "supports-preserve-symlinks-flag@npm:1.0.0"
  checksum: 10/a9dc19ae2220c952bd2231d08ddeecb1b0328b61e72071ff4000c8384e145cc07c1c0bdb3b5a1cb06e186a7b2790f1dee793418b332f6ddf320de25d9125be7e
  languageName: node
  linkType: hard
